Microsoft Visual Studio Solution File, Format Version 12.00
# Visual Studio 14
Project("{8BC9CEB8-8B4A-11D0-8D11-00A0C91BC942}") = "ALL_BUILD", "ALL_BUILD.vcxproj", "{24824D9A-93A3-3FD1-9F70-49AB24182EE7}"
	ProjectSection(ProjectDependencies) = postProject
		{63B0229B-EBBB-3312-929C-5D3B32176C22} = {63B0229B-EBBB-3312-929C-5D3B32176C22}
		{9FD06BA4-370A-3556-B34F-5C2C6D39F73A} = {9FD06BA4-370A-3556-B34F-5C2C6D39F73A}
		{2CFD4C27-DA0B-33F0-9D15-DFB39E0BDA96} = {2CFD4C27-DA0B-33F0-9D15-DFB39E0BDA96}
		{6642BC77-A000-3550-B9DB-C06E4DFB0156} = {6642BC77-A000-3550-B9DB-C06E4DFB0156}
		{A0E07264-9A46-3A8A-9827-13A6AC7E27CF} = {A0E07264-9A46-3A8A-9827-13A6AC7E27CF}
		{415E9C9E-B7FF-3FDC-A08E-BED962CAABE0} = {415E9C9E-B7FF-3FDC-A08E-BED962CAABE0}
		{DFF3D9CD-C16E-3ABC-958E-923F503585CA} = {DFF3D9CD-C16E-3ABC-958E-923F503585CA}
		{5844D843-00A0-39CC-AA0B-56B5BD61C788} = {5844D843-00A0-39CC-AA0B-56B5BD61C788}
		{55B170D8-44DC-3CD2-A497-97CCE3CB4AD6} = {55B170D8-44DC-3CD2-A497-97CCE3CB4AD6}
		{7141B695-C371-3071-8609-CEF48F3E0A68} = {7141B695-C371-3071-8609-CEF48F3E0A68}
	EndProjectSection
EndProject
Project("{8BC9CEB8-8B4A-11D0-8D11-00A0C91BC942}") = "CallbackSample", "CallbackSample.vcxproj", "{63B0229B-EBBB-3312-929C-5D3B32176C22}"
	ProjectSection(ProjectDependencies) = postProject
		{7141B695-C371-3071-8609-CEF48F3E0A68} = {7141B695-C371-3071-8609-CEF48F3E0A68}
	EndProjectSection
EndProject
Project("{8BC9CEB8-8B4A-11D0-8D11-00A0C91BC942}") = "GLUTDistortionShaderSample", "GLUTDistortionShaderSample.vcxproj", "{9FD06BA4-370A-3556-B34F-5C2C6D39F73A}"
	ProjectSection(ProjectDependencies) = postProject
		{7141B695-C371-3071-8609-CEF48F3E0A68} = {7141B695-C371-3071-8609-CEF48F3E0A68}
	EndProjectSection
EndProject
Project("{8BC9CEB8-8B4A-11D0-8D11-00A0C91BC942}") = "GLUTImageSample", "GLUTImageSample.vcxproj", "{2CFD4C27-DA0B-33F0-9D15-DFB39E0BDA96}"
	ProjectSection(ProjectDependencies) = postProject
		{7141B695-C371-3071-8609-CEF48F3E0A68} = {7141B695-C371-3071-8609-CEF48F3E0A68}
	EndProjectSection
EndProject
Project("{8BC9CEB8-8B4A-11D0-8D11-00A0C91BC942}") = "GLUTRectifiedImageSample", "GLUTRectifiedImageSample.vcxproj", "{6642BC77-A000-3550-B9DB-C06E4DFB0156}"
	ProjectSection(ProjectDependencies) = postProject
		{7141B695-C371-3071-8609-CEF48F3E0A68} = {7141B695-C371-3071-8609-CEF48F3E0A68}
	EndProjectSection
EndProject
Project("{8BC9CEB8-8B4A-11D0-8D11-00A0C91BC942}") = "GLUTSample", "GLUTSample.vcxproj", "{A0E07264-9A46-3A8A-9827-13A6AC7E27CF}"
	ProjectSection(ProjectDependencies) = postProject
		{7141B695-C371-3071-8609-CEF48F3E0A68} = {7141B695-C371-3071-8609-CEF48F3E0A68}
	EndProjectSection
EndProject
Project("{8BC9CEB8-8B4A-11D0-8D11-00A0C91BC942}") = "ImageSample", "ImageSample.vcxproj", "{415E9C9E-B7FF-3FDC-A08E-BED962CAABE0}"
	ProjectSection(ProjectDependencies) = postProject
		{7141B695-C371-3071-8609-CEF48F3E0A68} = {7141B695-C371-3071-8609-CEF48F3E0A68}
	EndProjectSection
EndProject
Project("{8BC9CEB8-8B4A-11D0-8D11-00A0C91BC942}") = "InterpolationSample", "InterpolationSample.vcxproj", "{DFF3D9CD-C16E-3ABC-958E-923F503585CA}"
	ProjectSection(ProjectDependencies) = postProject
		{7141B695-C371-3071-8609-CEF48F3E0A68} = {7141B695-C371-3071-8609-CEF48F3E0A68}
	EndProjectSection
EndProject
Project("{8BC9CEB8-8B4A-11D0-8D11-00A0C91BC942}") = "PollingSample", "PollingSample.vcxproj", "{5844D843-00A0-39CC-AA0B-56B5BD61C788}"
	ProjectSection(ProjectDependencies) = postProject
		{7141B695-C371-3071-8609-CEF48F3E0A68} = {7141B695-C371-3071-8609-CEF48F3E0A68}
	EndProjectSection
EndProject
Project("{8BC9CEB8-8B4A-11D0-8D11-00A0C91BC942}") = "RecordPlaybackSample", "RecordPlaybackSample.vcxproj", "{55B170D8-44DC-3CD2-A497-97CCE3CB4AD6}"
	ProjectSection(ProjectDependencies) = postProject
		{7141B695-C371-3071-8609-CEF48F3E0A68} = {7141B695-C371-3071-8609-CEF48F3E0A68}
	EndProjectSection
EndProject
Project("{8BC9CEB8-8B4A-11D0-8D11-00A0C91BC942}") = "ZERO_CHECK", "ZERO_CHECK.vcxproj", "{7141B695-C371-3071-8609-CEF48F3E0A68}"
	ProjectSection(ProjectDependencies) = postProject
	EndProjectSection
EndProject
Global
	GlobalSection(SolutionConfigurationPlatforms) = preSolution
		Debug|Win32 = Debug|Win32
		Release|Win32 = Release|Win32
		MinSizeRel|Win32 = MinSizeRel|Win32
		RelWithDebInfo|Win32 = RelWithDebInfo|Win32
	EndGlobalSection
	GlobalSection(ProjectConfigurationPlatforms) = postSolution
		{24824D9A-93A3-3FD1-9F70-49AB24182EE7}.Debug|Win32.ActiveCfg = Debug|Win32
		{24824D9A-93A3-3FD1-9F70-49AB24182EE7}.Release|Win32.ActiveCfg = Release|Win32
		{24824D9A-93A3-3FD1-9F70-49AB24182EE7}.MinSizeRel|Win32.ActiveCfg = MinSizeRel|Win32
		{24824D9A-93A3-3FD1-9F70-49AB24182EE7}.RelWithDebInfo|Win32.ActiveCfg = RelWithDebInfo|Win32
		{63B0229B-EBBB-3312-929C-5D3B32176C22}.Debug|Win32.ActiveCfg = Debug|Win32
		{63B0229B-EBBB-3312-929C-5D3B32176C22}.Debug|Win32.Build.0 = Debug|Win32
		{63B0229B-EBBB-3312-929C-5D3B32176C22}.Release|Win32.ActiveCfg = Release|Win32
		{63B0229B-EBBB-3312-929C-5D3B32176C22}.Release|Win32.Build.0 = Release|Win32
		{63B0229B-EBBB-3312-929C-5D3B32176C22}.MinSizeRel|Win32.ActiveCfg = MinSizeRel|Win32
		{63B0229B-EBBB-3312-929C-5D3B32176C22}.MinSizeRel|Win32.Build.0 = MinSizeRel|Win32
		{63B0229B-EBBB-3312-929C-5D3B32176C22}.RelWithDebInfo|Win32.ActiveCfg = RelWithDebInfo|Win32
		{63B0229B-EBBB-3312-929C-5D3B32176C22}.RelWithDebInfo|Win32.Build.0 = RelWithDebInfo|Win32
		{9FD06BA4-370A-3556-B34F-5C2C6D39F73A}.Debug|Win32.ActiveCfg = Debug|Win32
		{9FD06BA4-370A-3556-B34F-5C2C6D39F73A}.Debug|Win32.Build.0 = Debug|Win32
		{9FD06BA4-370A-3556-B34F-5C2C6D39F73A}.Release|Win32.ActiveCfg = Release|Win32
		{9FD06BA4-370A-3556-B34F-5C2C6D39F73A}.Release|Win32.Build.0 = Release|Win32
		{9FD06BA4-370A-3556-B34F-5C2C6D39F73A}.MinSizeRel|Win32.ActiveCfg = MinSizeRel|Win32
		{9FD06BA4-370A-3556-B34F-5C2C6D39F73A}.MinSizeRel|Win32.Build.0 = MinSizeRel|Win32
		{9FD06BA4-370A-3556-B34F-5C2C6D39F73A}.RelWithDebInfo|Win32.ActiveCfg = RelWithDebInfo|Win32
		{9FD06BA4-370A-3556-B34F-5C2C6D39F73A}.RelWithDebInfo|Win32.Build.0 = RelWithDebInfo|Win32
		{2CFD4C27-DA0B-33F0-9D15-DFB39E0BDA96}.Debug|Win32.ActiveCfg = Debug|Win32
		{2CFD4C27-DA0B-33F0-9D15-DFB39E0BDA96}.Debug|Win32.Build.0 = Debug|Win32
		{2CFD4C27-DA0B-33F0-9D15-DFB39E0BDA96}.Release|Win32.ActiveCfg = Release|Win32
		{2CFD4C27-DA0B-33F0-9D15-DFB39E0BDA96}.Release|Win32.Build.0 = Release|Win32
		{2CFD4C27-DA0B-33F0-9D15-DFB39E0BDA96}.MinSizeRel|Win32.ActiveCfg = MinSizeRel|Win32
		{2CFD4C27-DA0B-33F0-9D15-DFB39E0BDA96}.MinSizeRel|Win32.Build.0 = MinSizeRel|Win32
		{2CFD4C27-DA0B-33F0-9D15-DFB39E0BDA96}.RelWithDebInfo|Win32.ActiveCfg = RelWithDebInfo|Win32
		{2CFD4C27-DA0B-33F0-9D15-DFB39E0BDA96}.RelWithDebInfo|Win32.Build.0 = RelWithDebInfo|Win32
		{6642BC77-A000-3550-B9DB-C06E4DFB0156}.Debug|Win32.ActiveCfg = Debug|Win32
		{6642BC77-A000-3550-B9DB-C06E4DFB0156}.Debug|Win32.Build.0 = Debug|Win32
		{6642BC77-A000-3550-B9DB-C06E4DFB0156}.Release|Win32.ActiveCfg = Release|Win32
		{6642BC77-A000-3550-B9DB-C06E4DFB0156}.Release|Win32.Build.0 = Release|Win32
		{6642BC77-A000-3550-B9DB-C06E4DFB0156}.MinSizeRel|Win32.ActiveCfg = MinSizeRel|Win32
		{6642BC77-A000-3550-B9DB-C06E4DFB0156}.MinSizeRel|Win32.Build.0 = MinSizeRel|Win32
		{6642BC77-A000-3550-B9DB-C06E4DFB0156}.RelWithDebInfo|Win32.ActiveCfg = RelWithDebInfo|Win32
		{6642BC77-A000-3550-B9DB-C06E4DFB0156}.RelWithDebInfo|Win32.Build.0 = RelWithDebInfo|Win32
		{A0E07264-9A46-3A8A-9827-13A6AC7E27CF}.Debug|Win32.ActiveCfg = Debug|Win32
		{A0E07264-9A46-3A8A-9827-13A6AC7E27CF}.Debug|Win32.Build.0 = Debug|Win32
		{A0E07264-9A46-3A8A-9827-13A6AC7E27CF}.Release|Win32.ActiveCfg = Release|Win32
		{A0E07264-9A46-3A8A-9827-13A6AC7E27CF}.Release|Win32.Build.0 = Release|Win32
		{A0E07264-9A46-3A8A-9827-13A6AC7E27CF}.MinSizeRel|Win32.ActiveCfg = MinSizeRel|Win32
		{A0E07264-9A46-3A8A-9827-13A6AC7E27CF}.MinSizeRel|Win32.Build.0 = MinSizeRel|Win32
		{A0E07264-9A46-3A8A-9827-13A6AC7E27CF}.RelWithDebInfo|Win32.ActiveCfg = RelWithDebInfo|Win32
		{A0E07264-9A46-3A8A-9827-13A6AC7E27CF}.RelWithDebInfo|Win32.Build.0 = RelWithDebInfo|Win32
		{415E9C9E-B7FF-3FDC-A08E-BED962CAABE0}.Debug|Win32.ActiveCfg = Debug|Win32
		{415E9C9E-B7FF-3FDC-A08E-BED962CAABE0}.Debug|Win32.Build.0 = Debug|Win32
		{415E9C9E-B7FF-3FDC-A08E-BED962CAABE0}.Release|Win32.ActiveCfg = Release|Win32
		{415E9C9E-B7FF-3FDC-A08E-BED962CAABE0}.Release|Win32.Build.0 = Release|Win32
		{415E9C9E-B7FF-3FDC-A08E-BED962CAABE0}.MinSizeRel|Win32.ActiveCfg = MinSizeRel|Win32
		{415E9C9E-B7FF-3FDC-A08E-BED962CAABE0}.MinSizeRel|Win32.Build.0 = MinSizeRel|Win32
		{415E9C9E-B7FF-3FDC-A08E-BED962CAABE0}.RelWithDebInfo|Win32.ActiveCfg = RelWithDebInfo|Win32
		{415E9C9E-B7FF-3FDC-A08E-BED962CAABE0}.RelWithDebInfo|Win32.Build.0 = RelWithDebInfo|Win32
		{DFF3D9CD-C16E-3ABC-958E-923F503585CA}.Debug|Win32.ActiveCfg = Debug|Win32
		{DFF3D9CD-C16E-3ABC-958E-923F503585CA}.Debug|Win32.Build.0 = Debug|Win32
		{DFF3D9CD-C16E-3ABC-958E-923F503585CA}.Release|Win32.ActiveCfg = Release|Win32
		{DFF3D9CD-C16E-3ABC-958E-923F503585CA}.Release|Win32.Build.0 = Release|Win32
		{DFF3D9CD-C16E-3ABC-958E-923F503585CA}.MinSizeRel|Win32.ActiveCfg = MinSizeRel|Win32
		{DFF3D9CD-C16E-3ABC-958E-923F503585CA}.MinSizeRel|Win32.Build.0 = MinSizeRel|Win32
		{DFF3D9CD-C16E-3ABC-958E-923F503585CA}.RelWithDebInfo|Win32.ActiveCfg = RelWithDebInfo|Win32
		{DFF3D9CD-C16E-3ABC-958E-923F503585CA}.RelWithDebInfo|Win32.Build.0 = RelWithDebInfo|Win32
		{5844D843-00A0-39CC-AA0B-56B5BD61C788}.Debug|Win32.ActiveCfg = Debug|Win32
		{5844D843-00A0-39CC-AA0B-56B5BD61C788}.Debug|Win32.Build.0 = Debug|Win32
		{5844D843-00A0-39CC-AA0B-56B5BD61C788}.Release|Win32.ActiveCfg = Release|Win32
		{5844D843-00A0-39CC-AA0B-56B5BD61C788}.Release|Win32.Build.0 = Release|Win32
		{5844D843-00A0-39CC-AA0B-56B5BD61C788}.MinSizeRel|Win32.ActiveCfg = MinSizeRel|Win32
		{5844D843-00A0-39CC-AA0B-56B5BD61C788}.MinSizeRel|Win32.Build.0 = MinSizeRel|Win32
		{5844D843-00A0-39CC-AA0B-56B5BD61C788}.RelWithDebInfo|Win32.ActiveCfg = RelWithDebInfo|Win32
		{5844D843-00A0-39CC-AA0B-56B5BD61C788}.RelWithDebInfo|Win32.Build.0 = RelWithDebInfo|Win32
		{55B170D8-44DC-3CD2-A497-97CCE3CB4AD6}.Debug|Win32.ActiveCfg = Debug|Win32
		{55B170D8-44DC-3CD2-A497-97CCE3CB4AD6}.Debug|Win32.Build.0 = Debug|Win32
		{55B170D8-44DC-3CD2-A497-97CCE3CB4AD6}.Release|Win32.ActiveCfg = Release|Win32
		{55B170D8-44DC-3CD2-A497-97CCE3CB4AD6}.Release|Win32.Build.0 = Release|Win32
		{55B170D8-44DC-3CD2-A497-97CCE3CB4AD6}.MinSizeRel|Win32.ActiveCfg = MinSizeRel|Win32
		{55B170D8-44DC-3CD2-A497-97CCE3CB4AD6}.MinSizeRel|Win32.Build.0 = MinSizeRel|Win32
		{55B170D8-44DC-3CD2-A497-97CCE3CB4AD6}.RelWithDebInfo|Win32.ActiveCfg = RelWithDebInfo|Win32
		{55B170D8-44DC-3CD2-A497-97CCE3CB4AD6}.RelWithDebInfo|Win32.Build.0 = RelWithDebInfo|Win32
		{7141B695-C371-3071-8609-CEF48F3E0A68}.Debug|Win32.ActiveCfg = Debug|Win32
		{7141B695-C371-3071-8609-CEF48F3E0A68}.Debug|Win32.Build.0 = Debug|Win32
		{7141B695-C371-3071-8609-CEF48F3E0A68}.Release|Win32.ActiveCfg = Release|Win32
		{7141B695-C371-3071-8609-CEF48F3E0A68}.Release|Win32.Build.0 = Release|Win32
		{7141B695-C371-3071-8609-CEF48F3E0A68}.MinSizeRel|Win32.ActiveCfg = MinSizeRel|Win32
		{7141B695-C371-3071-8609-CEF48F3E0A68}.MinSizeRel|Win32.Build.0 = MinSizeRel|Win32
		{7141B695-C371-3071-8609-CEF48F3E0A68}.RelWithDebInfo|Win32.ActiveCfg = RelWithDebInfo|Win32
		{7141B695-C371-3071-8609-CEF48F3E0A68}.RelWithDebInfo|Win32.Build.0 = RelWithDebInfo|Win32
	EndGlobalSection
	GlobalSection(ExtensibilityGlobals) = postSolution
		SolutionGuid = {B57D80C6-2F5A-364B-9F61-A828A1685AC4}
	EndGlobalSection
	GlobalSection(ExtensibilityAddIns) = postSolution
	EndGlobalSection
EndGlobal
